
Microsoft Visual Studio Solution File, Format Version 12.00
# Visual Studio Version 16
VisualStudioVersion = 25.0.1705.0
MinimumVisualStudioVersion = 10.0.40219.1
Project("{FAE04EC0-301F-11D3-BF4B-00C04F79EFBC}") = "Week9Lists", "Week9Lists\Week9Lists.csproj", "{9952E288-4A97-499A-AE09-86022B1D33BE}"
EndProject
Global
	GlobalSection(SolutionConfigurationPlatforms) = preSolution
		Debug|Any CPU = Debug|Any CPU
		Release|Any CPU = Release|Any CPU
	EndGlobalSection
	GlobalSection(ProjectConfigurationPlatforms) = postSolution
		{9952E288-4A97-499A-AE09-86022B1D33BE}.Debug|Any CPU.ActiveCfg = Debug|Any CPU
		{9952E288-4A97-499A-AE09-86022B1D33BE}.Debug|Any CPU.Build.0 = Debug|Any CPU
		{9952E288-4A97-499A-AE09-86022B1D33BE}.Release|Any CPU.ActiveCfg = Release|Any CPU
		{9952E288-4A97-499A-AE09-86022B1D33BE}.Release|Any CPU.Build.0 = Release|Any CPU
	EndGlobalSection
	GlobalSection(SolutionProperties) = preSolution
		HideSolutionNode = FALSE
	EndGlobalSection
	GlobalSection(ExtensibilityGlobals) = postSolution
		SolutionGuid = {EC1398DD-AC94-4FDF-8C14-C6AC7A1951D1}
	EndGlobalSection
EndGlobal
